
Microsoft Visual Studio Solution File, Format Version 12.00
# Visual Studio 2013
VisualStudioVersion = 12.0.31101.0
MinimumVisualStudioVersion = 10.0.40219.1
Project("{8BC9CEB8-8B4A-11D0-8D11-00A0C91BC942}") = "Library", "Lib\lib.vcxproj", "{DEADBEEF-CAFE-F00D-FEED-C0FFEEC0FFEE}"
EndProject
Global
	GlobalSection(SolutionConfigurationPlatforms) = preSolution
		Debug|Win32 = Debug|Win32
		DebugEA64|Win32 = DebugEA64|Win32
		Release|Win32 = Release|Win32
		ReleaseEA64|Win32 = ReleaseEA64|Win32
	EndGlobalSection
	GlobalSection(ProjectConfigurationPlatforms) = postSolution
		{DEADBEEF-CAFE-F00D-FEED-C0FFEEC0FFEE}.Debug|Win32.ActiveCfg = Debug|Win32
		{DEADBEEF-CAFE-F00D-FEED-C0FFEEC0FFEE}.Debug|Win32.Build.0 = Debug|Win32
		{DEADBEEF-CAFE-F00D-FEED-C0FFEEC0FFEE}.DebugEA64|Win32.ActiveCfg = DebugEA64|Win32
		{DEADBEEF-CAFE-F00D-FEED-C0FFEEC0FFEE}.DebugEA64|Win32.Build.0 = DebugEA64|Win32
		{DEADBEEF-CAFE-F00D-FEED-C0FFEEC0FFEE}.Release|Win32.ActiveCfg = Release|Win32
		{DEADBEEF-CAFE-F00D-FEED-C0FFEEC0FFEE}.Release|Win32.Build.0 = Release|Win32
		{DEADBEEF-CAFE-F00D-FEED-C0FFEEC0FFEE}.ReleaseEA64|Win32.ActiveCfg = ReleaseEA64|Win32
		{DEADBEEF-CAFE-F00D-FEED-C0FFEEC0FFEE}.ReleaseEA64|Win32.Build.0 = ReleaseEA64|Win32
	EndGlobalSection
	GlobalSection(SolutionProperties) = preSolution
		HideSolutionNode = FALSE
	EndGlobalSection
EndGlobal
